
Microsoft Visual Studio Solution File, Format Version 12.00
# Visual Studio Version 16
VisualStudioVersion = 25.0.1705.3
MinimumVisualStudioVersion = 10.0.40219.1
Project("{FAE04EC0-301F-11D3-BF4B-00C04F79EFBC}") = "Aptabase", "Aptabase.csproj", "{46690C33-4681-4D81-AB14-7035890434EE}"
EndProject
Global
	GlobalSection(SolutionConfigurationPlatforms) = preSolution
		Debug|Any CPU = Debug|Any CPU
		Release|Any CPU = Release|Any CPU
	EndGlobalSection
	GlobalSection(ProjectConfigurationPlatforms) = postSolution
		{46690C33-4681-4D81-AB14-7035890434EE}.Debug|Any CPU.ActiveCfg = Debug|Any CPU
		{46690C33-4681-4D81-AB14-7035890434EE}.Debug|Any CPU.Build.0 = Debug|Any CPU
		{46690C33-4681-4D81-AB14-7035890434EE}.Release|Any CPU.ActiveCfg = Release|Any CPU
		{46690C33-4681-4D81-AB14-7035890434EE}.Release|Any CPU.Build.0 = Release|Any CPU
	EndGlobalSection
	GlobalSection(SolutionProperties) = preSolution
		HideSolutionNode = FALSE
	EndGlobalSection
	GlobalSection(ExtensibilityGlobals) = postSolution
		SolutionGuid = {66385B59-53FD-4F0F-BDA3-7B519FBA2165}
	EndGlobalSection
EndGlobal
